
Microsoft Visual Studio Solution File, Format Version 12.00
# Visual Studio 2012
Project("{FAE04EC0-301F-11D3-BF4B-00C04F79EFBC}") = "PullToRefresh", "PullToRefresh\PullToRefresh.csproj", "{5213D52E-4706-4D87-85DD-026B62902599}"
EndProject
Global
	GlobalSection(SolutionConfigurationPlatforms) = preSolution
		Debug|iPhoneSimulator = Debug|iPhoneSimulator
		Release|iPhone = Release|iPhone
		Release|iPhoneSimulator = Release|iPhoneSimulator
		Debug|iPhone = Debug|iPhone
	EndGlobalSection
	GlobalSection(ProjectConfigurationPlatforms) = postSolution
		{5213D52E-4706-4D87-85DD-026B62902599}.Debug|iPhoneSimulator.ActiveCfg = Debug|iPhoneSimulator
		{5213D52E-4706-4D87-85DD-026B62902599}.Debug|iPhoneSimulator.Build.0 = Debug|iPhoneSimulator
		{5213D52E-4706-4D87-85DD-026B62902599}.Release|iPhone.ActiveCfg = Release|iPhone
		{5213D52E-4706-4D87-85DD-026B62902599}.Release|iPhone.Build.0 = Release|iPhone
		{5213D52E-4706-4D87-85DD-026B62902599}.Release|iPhoneSimulator.ActiveCfg = Release|iPhoneSimulator
		{5213D52E-4706-4D87-85DD-026B62902599}.Release|iPhoneSimulator.Build.0 = Release|iPhoneSimulator
		{5213D52E-4706-4D87-85DD-026B62902599}.Debug|iPhone.ActiveCfg = Debug|iPhone
		{5213D52E-4706-4D87-85DD-026B62902599}.Debug|iPhone.Build.0 = Debug|iPhone
	EndGlobalSection
EndGlobal
