
Microsoft Visual Studio Solution File, Format Version 12.00
# Visual Studio 2012
Project("{FAE04EC0-301F-11D3-BF4B-00C04F79EFBC}") = "PracticaSegue", "PracticaSegue\PracticaSegue.csproj", "{BA80B194-F1C1-48E4-A342-982F2D1B4C74}"
EndProject
Global
	GlobalSection(SolutionConfigurationPlatforms) = preSolution
		Debug|iPhoneSimulator = Debug|iPhoneSimulator
		Release|iPhone = Release|iPhone
		Release|iPhoneSimulator = Release|iPhoneSimulator
		Debug|iPhone = Debug|iPhone
	EndGlobalSection
	GlobalSection(ProjectConfigurationPlatforms) = postSolution
		{BA80B194-F1C1-48E4-A342-982F2D1B4C74}.Debug|iPhoneSimulator.ActiveCfg = Debug|iPhoneSimulator
		{BA80B194-F1C1-48E4-A342-982F2D1B4C74}.Debug|iPhoneSimulator.Build.0 = Debug|iPhoneSimulator
		{BA80B194-F1C1-48E4-A342-982F2D1B4C74}.Release|iPhone.ActiveCfg = Release|iPhone
		{BA80B194-F1C1-48E4-A342-982F2D1B4C74}.Release|iPhone.Build.0 = Release|iPhone
		{BA80B194-F1C1-48E4-A342-982F2D1B4C74}.Release|iPhoneSimulator.ActiveCfg = Release|iPhoneSimulator
		{BA80B194-F1C1-48E4-A342-982F2D1B4C74}.Release|iPhoneSimulator.Build.0 = Release|iPhoneSimulator
		{BA80B194-F1C1-48E4-A342-982F2D1B4C74}.Debug|iPhone.ActiveCfg = Debug|iPhone
		{BA80B194-F1C1-48E4-A342-982F2D1B4C74}.Debug|iPhone.Build.0 = Debug|iPhone
	EndGlobalSection
EndGlobal
