
Microsoft Visual Studio Solution File, Format Version 12.00
# Visual Studio 2012
Project("{FAE04EC0-301F-11D3-BF4B-00C04F79EFBC}") = "ExamenPrimerParcial", "ExamenPrimerParcial\ExamenPrimerParcial.csproj", "{66C35B77-A3E5-4C64-BE38-E96D157251BC}"
EndProject
Global
	GlobalSection(SolutionConfigurationPlatforms) = preSolution
		Debug|iPhoneSimulator = Debug|iPhoneSimulator
		Release|iPhone = Release|iPhone
		Release|iPhoneSimulator = Release|iPhoneSimulator
		Debug|iPhone = Debug|iPhone
	EndGlobalSection
	GlobalSection(ProjectConfigurationPlatforms) = postSolution
		{66C35B77-A3E5-4C64-BE38-E96D157251BC}.Debug|iPhoneSimulator.ActiveCfg = Debug|iPhoneSimulator
		{66C35B77-A3E5-4C64-BE38-E96D157251BC}.Debug|iPhoneSimulator.Build.0 = Debug|iPhoneSimulator
		{66C35B77-A3E5-4C64-BE38-E96D157251BC}.Release|iPhone.ActiveCfg = Release|iPhone
		{66C35B77-A3E5-4C64-BE38-E96D157251BC}.Release|iPhone.Build.0 = Release|iPhone
		{66C35B77-A3E5-4C64-BE38-E96D157251BC}.Release|iPhoneSimulator.ActiveCfg = Release|iPhoneSimulator
		{66C35B77-A3E5-4C64-BE38-E96D157251BC}.Release|iPhoneSimulator.Build.0 = Release|iPhoneSimulator
		{66C35B77-A3E5-4C64-BE38-E96D157251BC}.Debug|iPhone.ActiveCfg = Debug|iPhone
		{66C35B77-A3E5-4C64-BE38-E96D157251BC}.Debug|iPhone.Build.0 = Debug|iPhone
	EndGlobalSection
EndGlobal
